
Microsoft Visual Studio Solution File, Format Version 12.00
# Visual Studio Version 17
VisualStudioVersion = 17.8.34408.163
MinimumVisualStudioVersion = 10.0.40219.1
Project("{FAE04EC0-301F-11D3-BF4B-00C04F79EFBC}") = "PaymentSystems", "PaymentSystems\PaymentSystems.csproj", "{A9E2CFE2-3F99-40B4-AEA4-7AD7D6E8ECD7}"
EndProject
Global
	GlobalSection(SolutionConfigurationPlatforms) = preSolution
		Debug|Any CPU = Debug|Any CPU
		Release|Any CPU = Release|Any CPU
	EndGlobalSection
	GlobalSection(ProjectConfigurationPlatforms) = postSolution
		{A9E2CFE2-3F99-40B4-AEA4-7AD7D6E8ECD7}.Debug|Any CPU.ActiveCfg = Debug|Any CPU
		{A9E2CFE2-3F99-40B4-AEA4-7AD7D6E8ECD7}.Debug|Any CPU.Build.0 = Debug|Any CPU
		{A9E2CFE2-3F99-40B4-AEA4-7AD7D6E8ECD7}.Release|Any CPU.ActiveCfg = Release|Any CPU
		{A9E2CFE2-3F99-40B4-AEA4-7AD7D6E8ECD7}.Release|Any CPU.Build.0 = Release|Any CPU
	EndGlobalSection
	GlobalSection(SolutionProperties) = preSolution
		HideSolutionNode = FALSE
	EndGlobalSection
	GlobalSection(ExtensibilityGlobals) = postSolution
		SolutionGuid = {F3F5C13B-E5E8-46AE-80F8-10B59411624A}
	EndGlobalSection
EndGlobal
